// !$*UTF8*$!
{
	archiveVersion = 1;
	classes = {
	};
	objectVersion = 55;
	objects = {

/* Begin PBXBuildFile section */
		709CE5D7280927FB00C15DB0 /* NasaAPODApp.swift in Sources */ = {isa = PBXBuildFile; fileRef = 709CE5D6280927FB00C15DB0 /* NasaAPODApp.swift */; };
		709CE5D9280927FB00C15DB0 /* ContentView.swift in Sources */ = {isa = PBXBuildFile; fileRef = 709CE5D8280927FB00C15DB0 /* ContentView.swift */; };
		709CE5DB280927FD00C15DB0 /* Assets.xcassets in Resources */ = {isa = PBXBuildFile; fileRef = 709CE5DA280927FD00C15DB0 /* Assets.xcassets */; };
		709CE5DE280927FD00C15DB0 /* Preview Assets.xcassets in Resources */ = {isa = PBXBuildFile; fileRef = 709CE5DD280927FD00C15DB0 /* Preview Assets.xcassets */; };
		709CE5E0280927FD00C15DB0 /* Persistence.swift in Sources */ = {isa = PBXBuildFile; fileRef = 709CE5DF280927FD00C15DB0 /* Persistence.swift */; };
		709CE5E3280927FD00C15DB0 /* NasaAPOD.xcdatamodeld in Sources */ = {isa = PBXBuildFile; fileRef = 709CE5E1280927FD00C15DB0 /* NasaAPOD.xcdatamodeld */; };
		709CE5EA2809D12D00C15DB0 /* NetworkCalls.swift in Sources */ = {isa = PBXBuildFile; fileRef = 709CE5E92809D12D00C15DB0 /* NetworkCalls.swift */; };
		709CE5EC2809D37900C15DB0 /* APODResponse.swift in Sources */ = {isa = PBXBuildFile; fileRef = 709CE5EB2809D37900C15DB0 /* APODResponse.swift */; };
		709CE5EE2809DAD600C15DB0 /* APODImageView.swift in Sources */ = {isa = PBXBuildFile; fileRef = 709CE5ED2809DAD600C15DB0 /* APODImageView.swift */; };
/* End PBXBuildFile section */

/* Begin PBXFileReference section */
		709CE5D3280927FB00C15DB0 /* NasaAPOD.app */ = {isa = PBXFileReference; explicitFileType = wrapper.application; includeInIndex = 0; path = NasaAPOD.app; sourceTree = BUILT_PRODUCTS_DIR; };
		709CE5D6280927FB00C15DB0 /* NasaAPODApp.swift */ = {isa = PBXFileReference; lastKnownFileType = sourcecode.swift; path = NasaAPODApp.swift; sourceTree = "<group>"; };
		709CE5D8280927FB00C15DB0 /* ContentView.swift */ = {isa = PBXFileReference; lastKnownFileType = sourcecode.swift; path = ContentView.swift; sourceTree = "<group>"; };
		709CE5DA280927FD00C15DB0 /* Assets.xcassets */ = {isa = PBXFileReference; lastKnownFileType = folder.assetcatalog; path = Assets.xcassets; sourceTree = "<group>"; };
		709CE5DD280927FD00C15DB0 /* Preview Assets.xcassets */ = {isa = PBXFileReference; lastKnownFileType = folder.assetcatalog; path = "Preview Assets.xcassets"; sourceTree = "<group>"; };
		709CE5DF280927FD00C15DB0 /* Persistence.swift */ = {isa = PBXFileReference; lastKnownFileType = sourcecode.swift; path = Persistence.swift; sourceTree = "<group>"; };
		709CE5E2280927FD00C15DB0 /* NasaAPOD.xcdatamodel */ = {isa = PBXFileReference; lastKnownFileType = wrapper.xcdatamodel; path = NasaAPOD.xcdatamodel; sourceTree = "<group>"; };
		709CE5E92809D12D00C15DB0 /* NetworkCalls.swift */ = {isa = PBXFileReference; lastKnownFileType = sourcecode.swift; path = NetworkCalls.swift; sourceTree = "<group>"; };
		709CE5EB2809D37900C15DB0 /* APODResponse.swift */ = {isa = PBXFileReference; lastKnownFileType = sourcecode.swift; path = APODResponse.swift; sourceTree = "<group>"; };
		709CE5ED2809DAD600C15DB0 /* APODImageView.swift */ = {isa = PBXFileReference; lastKnownFileType = sourcecode.swift; path = APODImageView.swift; sourceTree = "<group>"; };
/* End PBXFileReference section */

/* Begin PBXFrameworksBuildPhase section */
		709CE5D0280927FB00C15DB0 /* Frameworks */ = {
			isa = PBXFrameworksBuildPhase;
			buildActionMask = 2147483647;
			files = (
			);
			runOnlyForDeploymentPostprocessing = 0;
		};
/* End PBXFrameworksBuildPhase section */

/* Begin PBXGroup section */
		709CE5CA280927FB00C15DB0 = {
			isa = PBXGroup;
			children = (
				709CE5D5280927FB00C15DB0 /* NasaAPOD */,
				709CE5D4280927FB00C15DB0 /* Products */,
			);
			sourceTree = "<group>";
		};
		709CE5D4280927FB00C15DB0 /* Products */ = {
			isa = PBXGroup;
			children = (
				709CE5D3280927FB00C15DB0 /* NasaAPOD.app */,
			);
			name = Products;
			sourceTree = "<group>";
		};
		709CE5D5280927FB00C15DB0 /* NasaAPOD */ = {
			isa = PBXGroup;
			children = (
				709CE5D6280927FB00C15DB0 /* NasaAPODApp.swift */,
				709CE5D8280927FB00C15DB0 /* ContentView.swift */,
				709CE5ED2809DAD600C15DB0 /* APODImageView.swift */,
				709CE5E92809D12D00C15DB0 /* NetworkCalls.swift */,
				709CE5EB2809D37900C15DB0 /* APODResponse.swift */,
				709CE5DA280927FD00C15DB0 /* Assets.xcassets */,
				709CE5DF280927FD00C15DB0 /* Persistence.swift */,
				709CE5E1280927FD00C15DB0 /* NasaAPOD.xcdatamodeld */,
				709CE5DC280927FD00C15DB0 /* Preview Content */,
			);
			path = NasaAPOD;
			sourceTree = "<group>";
		};
		709CE5DC280927FD00C15DB0 /* Preview Content */ = {
			isa = PBXGroup;
			children = (
				709CE5DD280927FD00C15DB0 /* Preview Assets.xcassets */,
			);
			path = "Preview Content";
			sourceTree = "<group>";
		};
/* End PBXGroup section */

/* Begin PBXNativeTarget section */
		709CE5D2280927FB00C15DB0 /* NasaAPOD */ = {
			isa = PBXNativeTarget;
			buildConfigurationList = 709CE5E6280927FD00C15DB0 /* Build configuration list for PBXNativeTarget "NasaAPOD" */;
			buildPhases = (
				709CE5CF280927FB00C15DB0 /* Sources */,
				709CE5D0280927FB00C15DB0 /* Frameworks */,
				709CE5D1280927FB00C15DB0 /* Resources */,
			);
			buildRules = (
			);
			dependencies = (
			);
			name = NasaAPOD;
			productName = NasaAPOD;
			productReference = 709CE5D3280927FB00C15DB0 /* NasaAPOD.app */;
			productType = "com.apple.product-type.application";
		};
/* End PBXNativeTarget section */

/* Begin PBXProject section */
		709CE5CB280927FB00C15DB0 /* Project object */ = {
			isa = PBXProject;
			attributes = {
				BuildIndependentTargetsInParallel = 1;
				LastSwiftUpdateCheck = 1320;
				LastUpgradeCheck = 1320;
				TargetAttributes = {
					709CE5D2280927FB00C15DB0 = {
						CreatedOnToolsVersion = 13.2.1;
					};
				};
			};
			buildConfigurationList = 709CE5CE280927FB00C15DB0 /* Build configuration list for PBXProject "NasaAPOD" */;
			compatibilityVersion = "Xcode 13.0";
			developmentRegion = en;
			hasScannedForEncodings = 0;
			knownRegions = (
				en,
				Base,
			);
			mainGroup = 709CE5CA280927FB00C15DB0;
			productRefGroup = 709CE5D4280927FB00C15DB0 /* Products */;
			projectDirPath = "";
			projectRoot = "";
			targets = (
				709CE5D2280927FB00C15DB0 /* NasaAPOD */,
			);
		};
/* End PBXProject section */

/* Begin PBXResourcesBuildPhase section */
		709CE5D1280927FB00C15DB0 /* Resources */ = {
			isa = PBXResourcesBuildPhase;
			buildActionMask = 2147483647;
			files = (
				709CE5DE280927FD00C15DB0 /* Preview Assets.xcassets in Resources */,
				709CE5DB280927FD00C15DB0 /* Assets.xcassets in Resources */,
			);
			runOnlyForDeploymentPostprocessing = 0;
		};
/* End PBXResourcesBuildPhase section */

/* Begin PBXSourcesBuildPhase section */
		709CE5CF280927FB00C15DB0 /* Sources */ = {
			isa = PBXSourcesBuildPhase;
			buildActionMask = 2147483647;
			files = (
				709CE5E3280927FD00C15DB0 /* NasaAPOD.xcdatamodeld in Sources */,
				709CE5EE2809DAD600C15DB0 /* APODImageView.swift in Sources */,
				709CE5E0280927FD00C15DB0 /* Persistence.swift in Sources */,
				709CE5EC2809D37900C15DB0 /* APODResponse.swift in Sources */,
				709CE5D9280927FB00C15DB0 /* ContentView.swift in Sources */,
				709CE5D7280927FB00C15DB0 /* NasaAPODApp.swift in Sources */,
				709CE5EA2809D12D00C15DB0 /* NetworkCalls.swift in Sources */,
			);
			runOnlyForDeploymentPostprocessing = 0;
		};
/* End PBXSourcesBuildPhase section */

/* Begin XCBuildConfiguration section */
		709CE5E4280927FD00C15DB0 /* Debug */ = {
			isa = XCBuildConfiguration;
			buildSettings = {
				ALWAYS_SEARCH_USER_PATHS = NO;
				CLANG_ANALYZER_NONNULL = YES;
				CLANG_ANALYZER_NUMBER_OBJECT_CONVERSION = YES_AGGRESSIVE;
				CLANG_CXX_LANGUAGE_STANDARD = "gnu++17";
				CLANG_CXX_LIBRARY = "libc++";
				CLANG_ENABLE_MODULES = YES;
				CLANG_ENABLE_OBJC_ARC = YES;
				CLANG_ENABLE_OBJC_WEAK = YES;
				CLANG_WARN_BLOCK_CAPTURE_AUTORELEASING = YES;
				CLANG_WARN_BOOL_CONVERSION = YES;
				CLANG_WARN_COMMA = YES;
				CLANG_WARN_CONSTANT_CONVERSION = YES;
				CLANG_WARN_DEPRECATED_OBJC_IMPLEMENTATIONS = YES;
				CLANG_WARN_DIRECT_OBJC_ISA_USAGE = YES_ERROR;
				CLANG_WARN_DOCUMENTATION_COMMENTS = YES;
				CLANG_WARN_EMPTY_BODY = YES;
				CLANG_WARN_ENUM_CONVERSION = YES;
				CLANG_WARN_INFINITE_RECURSION = YES;
				CLANG_WARN_INT_CONVERSION = YES;
				CLANG_WARN_NON_LITERAL_NULL_CONVERSION = YES;
				CLANG_WARN_OBJC_IMPLICIT_RETAIN_SELF = YES;
				CLANG_WARN_OBJC_LITERAL_CONVERSION = YES;
				CLANG_WARN_OBJC_ROOT_CLASS = YES_ERROR;
				CLANG_WARN_QUOTED_INCLUDE_IN_FRAMEWORK_HEADER = YES;
				CLANG_WARN_RANGE_LOOP_ANALYSIS = YES;
				CLANG_WARN_STRICT_PROTOTYPES = YES;
				CLANG_WARN_SUSPICIOUS_MOVE = YES;
				CLANG_WARN_UNGUARDED_AVAILABILITY = YES_AGGRESSIVE;
				CLANG_WARN_UNREACHABLE_CODE = YES;
				CLANG_WARN__DUPLICATE_METHOD_MATCH = YES;
				COPY_PHASE_STRIP = NO;
				DEBUG_INFORMATION_FORMAT = dwarf;
				ENABLE_STRICT_OBJC_MSGSEND = YES;
				ENABLE_TESTABILITY = YES;
				GCC_C_LANGUAGE_STANDARD = gnu11;
				GCC_DYNAMIC_NO_PIC = NO;
				GCC_NO_COMMON_BLOCKS = YES;
				GCC_OPTIMIZATION_LEVEL = 0;
				GCC_PREPROCESSOR_DEFINITIONS = (
					"DEBUG=1",
					"$(inherited)",
				);
				GCC_WARN_64_TO_32_BIT_CONVERSION = YES;
				GCC_WARN_ABOUT_RETURN_TYPE = YES_ERROR;
				GCC_WARN_UNDECLARED_SELECTOR = YES;
				GCC_WARN_UNINITIALIZED_AUTOS = YES_AGGRESSIVE;
				GCC_WARN_UNUSED_FUNCTION = YES;
				GCC_WARN_UNUSED_VARIABLE = YES;
				IPHONEOS_DEPLOYMENT_TARGET = 15.2;
				MTL_ENABLE_DEBUG_INFO = INCLUDE_SOURCE;
				MTL_FAST_MATH = YES;
				ONLY_ACTIVE_ARCH = YES;
				SDKROOT = iphoneos;
				SWIFT_ACTIVE_COMPILATION_CONDITIONS = DEBUG;
				SWIFT_OPTIMIZATION_LEVEL = "-Onone";
			};
			name = Debug;
		};
		709CE5E5280927FD00C15DB0 /* Release */ = {
			isa = XCBuildConfiguration;
			buildSettings = {
				ALWAYS_SEARCH_USER_PATHS = NO;
				CLANG_ANALYZER_NONNULL = YES;
				CLANG_ANALYZER_NUMBER_OBJECT_CONVERSION = YES_AGGRESSIVE;
				CLANG_CXX_LANGUAGE_STANDARD = "gnu++17";
				CLANG_CXX_LIBRARY = "libc++";
				CLANG_ENABLE_MODULES = YES;
				CLANG_ENABLE_OBJC_ARC = YES;
				CLANG_ENABLE_OBJC_WEAK = YES;
				CLANG_WARN_BLOCK_CAPTURE_AUTORELEASING = YES;
				CLANG_WARN_BOOL_CONVERSION = YES;
				CLANG_WARN_COMMA = YES;
				CLANG_WARN_CONSTANT_CONVERSION = YES;
				CLANG_WARN_DEPRECATED_OBJC_IMPLEMENTATIONS = YES;
				CLANG_WARN_DIRECT_OBJC_ISA_USAGE = YES_ERROR;
				CLANG_WARN_DOCUMENTATION_COMMENTS = YES;
				CLANG_WARN_EMPTY_BODY = YES;
				CLANG_WARN_ENUM_CONVERSION = YES;
				CLANG_WARN_INFINITE_RECURSION = YES;
				CLANG_WARN_INT_CONVERSION = YES;
				CLANG_WARN_NON_LITERAL_NULL_CONVERSION = YES;
				CLANG_WARN_OBJC_IMPLICIT_RETAIN_SELF = YES;
				CLANG_WARN_OBJC_LITERAL_CONVERSION = YES;
				CLANG_WARN_OBJC_ROOT_CLASS = YES_ERROR;
				CLANG_WARN_QUOTED_INCLUDE_IN_FRAMEWORK_HEADER = YES;
				CLANG_WARN_RANGE_LOOP_ANALYSIS = YES;
				CLANG_WARN_STRICT_PROTOTYPES = YES;
				CLANG_WARN_SUSPICIOUS_MOVE = YES;
				CLANG_WARN_UNGUARDED_AVAILABILITY = YES_AGGRESSIVE;
				CLANG_WARN_UNREACHABLE_CODE = YES;
				CLANG_WARN__DUPLICATE_METHOD_MATCH = YES;
				COPY_PHASE_STRIP = NO;
				DEBUG_INFORMATION_FORMAT = "dwarf-with-dsym";
				ENABLE_NS_ASSERTIONS = NO;
				ENABLE_STRICT_OBJC_MSGSEND = YES;
				GCC_C_LANGUAGE_STANDARD = gnu11;
				GCC_NO_COMMON_BLOCKS = YES;
				GCC_WARN_64_TO_32_BIT_CONVERSION = YES;
				GCC_WARN_ABOUT_RETURN_TYPE = YES_ERROR;
				GCC_WARN_UNDECLARED_SELECTOR = YES;
				GCC_WARN_UNINITIALIZED_AUTOS = YES_AGGRESSIVE;
				GCC_WARN_UNUSED_FUNCTION = YES;
				GCC_WARN_UNUSED_VARIABLE = YES;
				IPHONEOS_DEPLOYMENT_TARGET = 15.2;
				MTL_ENABLE_DEBUG_INFO = NO;
				MTL_FAST_MATH = YES;
				SDKROOT = iphoneos;
				SWIFT_COMPILATION_MODE = wholemodule;
				SWIFT_OPTIMIZATION_LEVEL = "-O";
				VALIDATE_PRODUCT = YES;
			};
			name = Release;
		};
		709CE5E7280927FD00C15DB0 /* Debug */ = {
			isa = XCBuildConfiguration;
			buildSettings = {
				ASSETCATALOG_COMPILER_APPICON_NAME = AppIcon;
				ASSETCATALOG_COMPILER_GLOBAL_ACCENT_COLOR_NAME = AccentColor;
				CODE_SIGN_STYLE = Automatic;
				CURRENT_PROJECT_VERSION = 1;
				DEVELOPMENT_ASSET_PATHS = "\"NasaAPOD/Preview Content\"";
				DEVELOPMENT_TEAM = 9FPJJ9H6B6;
				ENABLE_PREVIEWS = YES;
				GENERATE_INFOPLIST_FILE = YES;
				INFOPLIST_KEY_UIApplicationSceneManifest_Generation = YES;
				INFOPLIST_KEY_UIApplicationSupportsIndirectInputEvents = YES;
				INFOPLIST_KEY_UILaunchScreen_Generation = YES;
				INFOPLIST_KEY_UISupportedInterfaceOrientations_iPad = "UIInterfaceOrientationPortrait UIInterfaceOrientationPortraitUpsideDown UIInterfaceOrientationLandscapeLeft UIInterfaceOrientationLandscapeRight";
				INFOPLIST_KEY_UISupportedInterfaceOrientations_iPhone = "UIInterfaceOrientationPortrait UIInterfaceOrientationLandscapeLeft UIInterfaceOrientationLandscapeRight";
				LD_RUNPATH_SEARCH_PATHS = (
					"$(inherited)",
					"@executable_path/Frameworks",
				);
				MARKETING_VERSION = 1.0;
				PRODUCT_BUNDLE_IDENTIFIER = "goldman-sachs.NasaAPOD";
				PRODUCT_NAME = "$(TARGET_NAME)";
				SWIFT_EMIT_LOC_STRINGS = YES;
				SWIFT_VERSION = 5.0;
				TARGETED_DEVICE_FAMILY = "1,2";
			};
			name = Debug;
		};
		709CE5E8280927FD00C15DB0 /* Release */ = {
			isa = XCBuildConfiguration;
			buildSettings = {
				ASSETCATALOG_COMPILER_APPICON_NAME = AppIcon;
				ASSETCATALOG_COMPILER_GLOBAL_ACCENT_COLOR_NAME = AccentColor;
				CODE_SIGN_STYLE = Automatic;
				CURRENT_PROJECT_VERSION = 1;
				DEVELOPMENT_ASSET_PATHS = "\"NasaAPOD/Preview Content\"";
				DEVELOPMENT_TEAM = 9FPJJ9H6B6;
				ENABLE_PREVIEWS = YES;
				GENERATE_INFOPLIST_FILE = YES;
				INFOPLIST_KEY_UIApplicationSceneManifest_Generation = YES;
				INFOPLIST_KEY_UIApplicationSupportsIndirectInputEvents = YES;
				INFOPLIST_KEY_UILaunchScreen_Generation = YES;
				INFOPLIST_KEY_UISupportedInterfaceOrientations_iPad = "UIInterfaceOrientationPortrait UIInterfaceOrientationPortraitUpsideDown UIInterfaceOrientationLandscapeLeft UIInterfaceOrientationLandscapeRight";
				INFOPLIST_KEY_UISupportedInterfaceOrientations_iPhone = "UIInterfaceOrientationPortrait UIInterfaceOrientationLandscapeLeft UIInterfaceOrientationLandscapeRight";
				LD_RUNPATH_SEARCH_PATHS = (
					"$(inherited)",
					"@executable_path/Frameworks",
				);
				MARKETING_VERSION = 1.0;
				PRODUCT_BUNDLE_IDENTIFIER = "goldman-sachs.NasaAPOD";
				PRODUCT_NAME = "$(TARGET_NAME)";
				SWIFT_EMIT_LOC_STRINGS = YES;
				SWIFT_VERSION = 5.0;
				TARGETED_DEVICE_FAMILY = "1,2";
			};
			name = Release;
		};
/* End XCBuildConfiguration section */

/* Begin XCConfigurationList section */
		709CE5CE280927FB00C15DB0 /* Build configuration list for PBXProject "NasaAPOD" */ = {
			isa = XCConfigurationList;
			buildConfigurations = (
				709CE5E4280927FD00C15DB0 /* Debug */,
				709CE5E5280927FD00C15DB0 /* Release */,
			);
			defaultConfigurationIsVisible = 0;
			defaultConfigurationName = Release;
		};
		709CE5E6280927FD00C15DB0 /* Build configuration list for PBXNativeTarget "NasaAPOD" */ = {
			isa = XCConfigurationList;
			buildConfigurations = (
				709CE5E7280927FD00C15DB0 /* Debug */,
				709CE5E8280927FD00C15DB0 /* Release */,
			);
			defaultConfigurationIsVisible = 0;
			defaultConfigurationName = Release;
		};
/* End XCConfigurationList section */

/* Begin XCVersionGroup section */
		709CE5E1280927FD00C15DB0 /* NasaAPOD.xcdatamodeld */ = {
			isa = XCVersionGroup;
			children = (
				709CE5E2280927FD00C15DB0 /* NasaAPOD.xcdatamodel */,
			);
			currentVersion = 709CE5E2280927FD00C15DB0 /* NasaAPOD.xcdatamodel */;
			path = NasaAPOD.xcdatamodeld;
			sourceTree = "<group>";
			versionGroupType = wrapper.xcdatamodel;
		};
/* End XCVersionGroup section */
	};
	rootObject = 709CE5CB280927FB00C15DB0 /* Project object */;
}
